# This file is automatically @generated by Cargo.
# It is not intended for manual editing.
version = 3

[[package]]
name = "tre-engine"
version = "0.1.0"
dependencies = [
 "tre-math",
 "tre-memory",
]

[[package]]
name = "tre-ffi"
version = "0.1.0"
dependencies = [
 "tre-engine",
]

[[package]]
name = "tre-math"
version = "0.1.0"

[[package]]
name = "tre-memory"
version = "0.1.0"

[[package]]
name = "tre-rhi-dx12"
version = "0.1.0"

[[package]]
name = "tre-rhi-metal"
version = "0.1.0"

[[package]]
name = "tre-rhi-vulkan"
version = "0.1.0"
