# This file is automatically @generated by Cargo.
# It is not intended for manual editing.
version = 4

[[package]]
name = "engine-core"
version = "0.1.0"

[[package]]
name = "engine-md3"
version = "0.1.0"
dependencies = [
 "engine-core",
]

[[package]]
name = "engine-platform"
version = "0.1.0"
dependencies = [
 "engine-core",
]

[[package]]
name = "engine-py"
version = "0.1.0"
dependencies = [
 "engine-core",
 "engine-md3",
 "engine-platform",
 "engine-render",
 "engine-spec",
]

[[package]]
name = "engine-render"
version = "0.1.0"
dependencies = [
 "engine-core",
]

[[package]]
name = "engine-spec"
version = "0.1.0"
dependencies = [
 "engine-core",
 "engine-md3",
]
